
Microsoft Visual Studio Solution File, Format Version 12.00
# Visual Studio Version 16
VisualStudioVersion = 16.0.31424.327
MinimumVisualStudioVersion = 10.0.40219.1
Project("{159641D6-6404-4A2A-AE62-294DE0FE8301}") = "PROY1", "PROY1.dtproj", "{37F825B7-6C24-415C-A901-09D1FA6B5FBB}"
EndProject
Global
	GlobalSection(SolutionConfigurationPlatforms) = preSolution
		Development|Default = Development|Default
	EndGlobalSection
	GlobalSection(ProjectConfigurationPlatforms) = postSolution
		{37F825B7-6C24-415C-A901-09D1FA6B5FBB}.Development|Default.ActiveCfg = Development
		{37F825B7-6C24-415C-A901-09D1FA6B5FBB}.Development|Default.Build.0 = Development
	EndGlobalSection
	GlobalSection(SolutionProperties) = preSolution
		HideSolutionNode = FALSE
	EndGlobalSection
	GlobalSection(ExtensibilityGlobals) = postSolution
		SolutionGuid = {04283644-EDFD-4B43-9866-4400A68A03D4}
	EndGlobalSection
EndGlobal
